{
  "lockfileVersion": 1,
  "workspaces": {
    "": {
      "devDependencies": {
        "@biomejs/biome": "^1.9.4",
        "lefthook": "^1.11.3",
        "typescript": "^5.8.2",
      },
    },
    "packages/client": {
      "name": "client",
      "dependencies": {
        "@sveltejs/vite-plugin-svelte": "^5.0.3",
        "@tailwindcss/vite": "^4.0.14",
        "@tanstack/svelte-query": "^5.69.0",
        "@trpc/client": "^10.45.2",
        "svelte": "^5.23.2",
        "tailwindcss": "^4.0.14",
        "vite": "^6.2.2",
      },
      "devDependencies": {
        "@types/bun": "^1.2.5",
        "typescript": "^5.8.2",
      },
    },
    "packages/server": {
      "name": "server",
      "dependencies": {
        "@hono/trpc-server": "^0.3.4",
        "@trpc/server": "^10.45.2",
        "hono": "^4.7.0",
        "zod": "^3.24.1",
      },
      "devDependencies": {
        "@types/bun": "^1.2.2",
      },
    },
  },
  "packages": {
    "@ampproject/remapping": ["@ampproject/remapping@2.3.0", "", { "dependencies": { "@jridgewell/gen-mapping": "^0.3.5", "@jridgewell/trace-mapping": "^0.3.24" } }, "sha512-30iZtAPgz+LTIYoeivqYo853f02jBYSd5uGnGpkFV0M3xOt9aN73erkgYAmZU43x4VfqcnLxW9Kpg3R5LC4YYw=="],

    "@biomejs/biome": ["@biomejs/biome@1.9.4", "", { "optionalDependencies": { "@biomejs/cli-darwin-arm64": "1.9.4", "@biomejs/cli-darwin-x64": "1.9.4", "@biomejs/cli-linux-arm64": "1.9.4", "@biomejs/cli-linux-arm64-musl": "1.9.4", "@biomejs/cli-linux-x64": "1.9.4", "@biomejs/cli-linux-x64-musl": "1.9.4", "@biomejs/cli-win32-arm64": "1.9.4", "@biomejs/cli-win32-x64": "1.9.4" }, "bin": { "biome": "bin/biome" } }, "sha512-1rkd7G70+o9KkTn5KLmDYXihGoTaIGO9PIIN2ZB7UJxFrWw04CZHPYiMRjYsaDvVV7hP1dYNRLxSANLaBFGpog=="],

    "@biomejs/cli-darwin-arm64": ["@biomejs/cli-darwin-arm64@1.9.4", "", { "os": "darwin", "cpu": "arm64" }, "sha512-bFBsPWrNvkdKrNCYeAp+xo2HecOGPAy9WyNyB/jKnnedgzl4W4Hb9ZMzYNbf8dMCGmUdSavlYHiR01QaYR58cw=="],

    "@biomejs/cli-darwin-x64": ["@biomejs/cli-darwin-x64@1.9.4", "", { "os": "darwin", "cpu": "x64" }, "sha512-ngYBh/+bEedqkSevPVhLP4QfVPCpb+4BBe2p7Xs32dBgs7rh9nY2AIYUL6BgLw1JVXV8GlpKmb/hNiuIxfPfZg=="],

    "@biomejs/cli-linux-arm64": ["@biomejs/cli-linux-arm64@1.9.4", "", { "os": "linux", "cpu": "arm64" }, "sha512-fJIW0+LYujdjUgJJuwesP4EjIBl/N/TcOX3IvIHJQNsAqvV2CHIogsmA94BPG6jZATS4Hi+xv4SkBBQSt1N4/g=="],

    "@biomejs/cli-linux-arm64-musl": ["@biomejs/cli-linux-arm64-musl@1.9.4", "", { "os": "linux", "cpu": "arm64" }, "sha512-v665Ct9WCRjGa8+kTr0CzApU0+XXtRgwmzIf1SeKSGAv+2scAlW6JR5PMFo6FzqqZ64Po79cKODKf3/AAmECqA=="],

    "@biomejs/cli-linux-x64": ["@biomejs/cli-linux-x64@1.9.4", "", { "os": "linux", "cpu": "x64" }, "sha512-lRCJv/Vi3Vlwmbd6K+oQ0KhLHMAysN8lXoCI7XeHlxaajk06u7G+UsFSO01NAs5iYuWKmVZjmiOzJ0OJmGsMwg=="],

    "@biomejs/cli-linux-x64-musl": ["@biomejs/cli-linux-x64-musl@1.9.4", "", { "os": "linux", "cpu": "x64" }, "sha512-gEhi/jSBhZ2m6wjV530Yy8+fNqG8PAinM3oV7CyO+6c3CEh16Eizm21uHVsyVBEB6RIM8JHIl6AGYCv6Q6Q9Tg=="],

    "@biomejs/cli-win32-arm64": ["@biomejs/cli-win32-arm64@1.9.4", "", { "os": "win32", "cpu": "arm64" }, "sha512-tlbhLk+WXZmgwoIKwHIHEBZUwxml7bRJgk0X2sPyNR3S93cdRq6XulAZRQJ17FYGGzWne0fgrXBKpl7l4M87Hg=="],

    "@biomejs/cli-win32-x64": ["@biomejs/cli-win32-x64@1.9.4", "", { "os": "win32", "cpu": "x64" }, "sha512-8Y5wMhVIPaWe6jw2H+KlEm4wP/f7EW3810ZLmDlrEEy5KvBsb9ECEfu/kMWD484ijfQ8+nIi0giMgu9g1UAuuA=="],

    "@esbuild/aix-ppc64": ["@esbuild/aix-ppc64@0.25.1", "", { "os": "aix", "cpu": "ppc64" }, "sha512-kfYGy8IdzTGy+z0vFGvExZtxkFlA4zAxgKEahG9KE1ScBjpQnFsNOX8KTU5ojNru5ed5CVoJYXFtoxaq5nFbjQ=="],

    "@esbuild/android-arm": ["@esbuild/android-arm@0.25.1", "", { "os": "android", "cpu": "arm" }, "sha512-dp+MshLYux6j/JjdqVLnMglQlFu+MuVeNrmT5nk6q07wNhCdSnB7QZj+7G8VMUGh1q+vj2Bq8kRsuyA00I/k+Q=="],

    "@esbuild/android-arm64": ["@esbuild/android-arm64@0.25.1", "", { "os": "android", "cpu": "arm64" }, "sha512-50tM0zCJW5kGqgG7fQ7IHvQOcAn9TKiVRuQ/lN0xR+T2lzEFvAi1ZcS8DiksFcEpf1t/GYOeOfCAgDHFpkiSmA=="],

    "@esbuild/android-x64": ["@esbuild/android-x64@0.25.1", "", { "os": "android", "cpu": "x64" }, "sha512-GCj6WfUtNldqUzYkN/ITtlhwQqGWu9S45vUXs7EIYf+7rCiiqH9bCloatO9VhxsL0Pji+PF4Lz2XXCES+Q8hDw=="],

    "@esbuild/darwin-arm64": ["@esbuild/darwin-arm64@0.25.1", "", { "os": "darwin", "cpu": "arm64" }, "sha512-5hEZKPf+nQjYoSr/elb62U19/l1mZDdqidGfmFutVUjjUZrOazAtwK+Kr+3y0C/oeJfLlxo9fXb1w7L+P7E4FQ=="],

    "@esbuild/darwin-x64": ["@esbuild/darwin-x64@0.25.1", "", { "os": "darwin", "cpu": "x64" }, "sha512-hxVnwL2Dqs3fM1IWq8Iezh0cX7ZGdVhbTfnOy5uURtao5OIVCEyj9xIzemDi7sRvKsuSdtCAhMKarxqtlyVyfA=="],

    "@esbuild/freebsd-arm64": ["@esbuild/freebsd-arm64@0.25.1", "", { "os": "freebsd", "cpu": "arm64" }, "sha512-1MrCZs0fZa2g8E+FUo2ipw6jw5qqQiH+tERoS5fAfKnRx6NXH31tXBKI3VpmLijLH6yriMZsxJtaXUyFt/8Y4A=="],

    "@esbuild/freebsd-x64": ["@esbuild/freebsd-x64@0.25.1", "", { "os": "freebsd", "cpu": "x64" }, "sha512-0IZWLiTyz7nm0xuIs0q1Y3QWJC52R8aSXxe40VUxm6BB1RNmkODtW6LHvWRrGiICulcX7ZvyH6h5fqdLu4gkww=="],

    "@esbuild/linux-arm": ["@esbuild/linux-arm@0.25.1", "", { "os": "linux", "cpu": "arm" }, "sha512-NdKOhS4u7JhDKw9G3cY6sWqFcnLITn6SqivVArbzIaf3cemShqfLGHYMx8Xlm/lBit3/5d7kXvriTUGa5YViuQ=="],

    "@esbuild/linux-arm64": ["@esbuild/linux-arm64@0.25.1", "", { "os": "linux", "cpu": "arm64" }, "sha512-jaN3dHi0/DDPelk0nLcXRm1q7DNJpjXy7yWaWvbfkPvI+7XNSc/lDOnCLN7gzsyzgu6qSAmgSvP9oXAhP973uQ=="],

    "@esbuild/linux-ia32": ["@esbuild/linux-ia32@0.25.1", "", { "os": "linux", "cpu": "ia32" }, "sha512-OJykPaF4v8JidKNGz8c/q1lBO44sQNUQtq1KktJXdBLn1hPod5rE/Hko5ugKKZd+D2+o1a9MFGUEIUwO2YfgkQ=="],

    "@esbuild/linux-loong64": ["@esbuild/linux-loong64@0.25.1", "", { "os": "linux", "cpu": "none" }, "sha512-nGfornQj4dzcq5Vp835oM/o21UMlXzn79KobKlcs3Wz9smwiifknLy4xDCLUU0BWp7b/houtdrgUz7nOGnfIYg=="],

    "@esbuild/linux-mips64el": ["@esbuild/linux-mips64el@0.25.1", "", { "os": "linux", "cpu": "none" }, "sha512-1osBbPEFYwIE5IVB/0g2X6i1qInZa1aIoj1TdL4AaAb55xIIgbg8Doq6a5BzYWgr+tEcDzYH67XVnTmUzL+nXg=="],

    "@esbuild/linux-ppc64": ["@esbuild/linux-ppc64@0.25.1", "", { "os": "linux", "cpu": "ppc64" }, "sha512-/6VBJOwUf3TdTvJZ82qF3tbLuWsscd7/1w+D9LH0W/SqUgM5/JJD0lrJ1fVIfZsqB6RFmLCe0Xz3fmZc3WtyVg=="],

    "@esbuild/linux-riscv64": ["@esbuild/linux-riscv64@0.25.1", "", { "os": "linux", "cpu": "none" }, "sha512-nSut/Mx5gnilhcq2yIMLMe3Wl4FK5wx/o0QuuCLMtmJn+WeWYoEGDN1ipcN72g1WHsnIbxGXd4i/MF0gTcuAjQ=="],

    "@esbuild/linux-s390x": ["@esbuild/linux-s390x@0.25.1", "", { "os": "linux", "cpu": "s390x" }, "sha512-cEECeLlJNfT8kZHqLarDBQso9a27o2Zd2AQ8USAEoGtejOrCYHNtKP8XQhMDJMtthdF4GBmjR2au3x1udADQQQ=="],

    "@esbuild/linux-x64": ["@esbuild/linux-x64@0.25.1", "", { "os": "linux", "cpu": "x64" }, "sha512-xbfUhu/gnvSEg+EGovRc+kjBAkrvtk38RlerAzQxvMzlB4fXpCFCeUAYzJvrnhFtdeyVCDANSjJvOvGYoeKzFA=="],

    "@esbuild/netbsd-arm64": ["@esbuild/netbsd-arm64@0.25.1", "", { "os": "none", "cpu": "arm64" }, "sha512-O96poM2XGhLtpTh+s4+nP7YCCAfb4tJNRVZHfIE7dgmax+yMP2WgMd2OecBuaATHKTHsLWHQeuaxMRnCsH8+5g=="],

    "@esbuild/netbsd-x64": ["@esbuild/netbsd-x64@0.25.1", "", { "os": "none", "cpu": "x64" }, "sha512-X53z6uXip6KFXBQ+Krbx25XHV/NCbzryM6ehOAeAil7X7oa4XIq+394PWGnwaSQ2WRA0KI6PUO6hTO5zeF5ijA=="],

    "@esbuild/openbsd-arm64": ["@esbuild/openbsd-arm64@0.25.1", "", { "os": "openbsd", "cpu": "arm64" }, "sha512-Na9T3szbXezdzM/Kfs3GcRQNjHzM6GzFBeU1/6IV/npKP5ORtp9zbQjvkDJ47s6BCgaAZnnnu/cY1x342+MvZg=="],

    "@esbuild/openbsd-x64": ["@esbuild/openbsd-x64@0.25.1", "", { "os": "openbsd", "cpu": "x64" }, "sha512-T3H78X2h1tszfRSf+txbt5aOp/e7TAz3ptVKu9Oyir3IAOFPGV6O9c2naym5TOriy1l0nNf6a4X5UXRZSGX/dw=="],

    "@esbuild/sunos-x64": ["@esbuild/sunos-x64@0.25.1", "", { "os": "sunos", "cpu": "x64" }, "sha512-2H3RUvcmULO7dIE5EWJH8eubZAI4xw54H1ilJnRNZdeo8dTADEZ21w6J22XBkXqGJbe0+wnNJtw3UXRoLJnFEg=="],

    "@esbuild/win32-arm64": ["@esbuild/win32-arm64@0.25.1", "", { "os": "win32", "cpu": "arm64" }, "sha512-GE7XvrdOzrb+yVKB9KsRMq+7a2U/K5Cf/8grVFRAGJmfADr/e/ODQ134RK2/eeHqYV5eQRFxb1hY7Nr15fv1NQ=="],

    "@esbuild/win32-ia32": ["@esbuild/win32-ia32@0.25.1", "", { "os": "win32", "cpu": "ia32" }, "sha512-uOxSJCIcavSiT6UnBhBzE8wy3n0hOkJsBOzy7HDAuTDE++1DJMRRVCPGisULScHL+a/ZwdXPpXD3IyFKjA7K8A=="],

    "@esbuild/win32-x64": ["@esbuild/win32-x64@0.25.1", "", { "os": "win32", "cpu": "x64" }, "sha512-Y1EQdcfwMSeQN/ujR5VayLOJ1BHaK+ssyk0AEzPjC+t1lITgsnccPqFjb6V+LsTp/9Iov4ysfjxLaGJ9RPtkVg=="],

    "@hono/trpc-server": ["@hono/trpc-server@0.3.4", "", { "peerDependencies": { "@trpc/server": "^10.10.0 || >11.0.0-rc", "hono": ">=4.*" } }, "sha512-xFOPjUPnII70FgicDzOJy1ufIoBTu8eF578zGiDOrYOrYN8CJe140s9buzuPkX+SwJRYK8LjEBHywqZtxdm8aA=="],

    "@jridgewell/gen-mapping": ["@jridgewell/gen-mapping@0.3.8", "", { "dependencies": { "@jridgewell/set-array": "^1.2.1", "@jridgewell/sourcemap-codec": "^1.4.10", "@jridgewell/trace-mapping": "^0.3.24" } }, "sha512-imAbBGkb+ebQyxKgzv5Hu2nmROxoDOXHh80evxdoXNOrvAnVx7zimzc1Oo5h9RlfV4vPXaE2iM5pOFbvOCClWA=="],

    "@jridgewell/resolve-uri": ["@jridgewell/resolve-uri@3.1.2", "", {}, "sha512-bRISgCIjP20/tbWSPWMEi54QVPRZExkuD9lJL+UIxUKtwVJA8wW1Trb1jMs1RFXo1CBTNZ/5hpC9QvmKWdopKw=="],

    "@jridgewell/set-array": ["@jridgewell/set-array@1.2.1", "", {}, "sha512-R8gLRTZeyp03ymzP/6Lil/28tGeGEzhx1q2k703KGWRAI1VdvPIXdG70VJc2pAMw3NA6JKL5hhFu1sJX0Mnn/A=="],

    "@jridgewell/sourcemap-codec": ["@jridgewell/sourcemap-codec@1.5.0", "", {}, "sha512-gv3ZRaISU3fjPAgNsriBRqGWQL6quFx04YMPW/zD8XMLsU32mhCCbfbO6KZFLjvYpCZ8zyDEgqsgf+PwPaM7GQ=="],

    "@jridgewell/trace-mapping": ["@jridgewell/trace-mapping@0.3.25", "", { "dependencies": { "@jridgewell/resolve-uri": "^3.1.0", "@jridgewell/sourcemap-codec": "^1.4.14" } }, "sha512-vNk6aEwybGtawWmy/PzwnGDOjCkLWSD2wqvjGGAgOAwCGWySYXfYoxt00IJkTF+8Lb57DwOb3Aa0o9CApepiYQ=="],

    "@rollup/rollup-android-arm-eabi": ["@rollup/rollup-android-arm-eabi@4.34.0", "", { "os": "android", "cpu": "arm" }, "sha512-Eeao7ewDq79jVEsrtWIj5RNqB8p2knlm9fhR6uJ2gqP7UfbLrTrxevudVrEPDM7Wkpn/HpRC2QfazH7MXLz3vQ=="],

    "@rollup/rollup-android-arm64": ["@rollup/rollup-android-arm64@4.34.0", "", { "os": "android", "cpu": "arm64" }, "sha512-yVh0Kf1f0Fq4tWNf6mWcbQBCLDpDrDEl88lzPgKhrgTcDrTtlmun92ywEF9dCjmYO3EFiSuJeeo9cYRxl2FswA=="],

    "@rollup/rollup-darwin-arm64": ["@rollup/rollup-darwin-arm64@4.34.0", "", { "os": "darwin", "cpu": "arm64" }, "sha512-gCs0ErAZ9s0Osejpc3qahTsqIPUDjSKIyxK/0BGKvL+Tn0n3Kwvj8BrCv7Y5sR1Ypz1K2qz9Ny0VvkVyoXBVUQ=="],

    "@rollup/rollup-darwin-x64": ["@rollup/rollup-darwin-x64@4.34.0", "", { "os": "darwin", "cpu": "x64" }, "sha512-aIB5Anc8hngk15t3GUkiO4pv42ykXHfmpXGS+CzM9CTyiWyT8HIS5ygRAy7KcFb/wiw4Br+vh1byqcHRTfq2tQ=="],

    "@rollup/rollup-freebsd-arm64": ["@rollup/rollup-freebsd-arm64@4.34.0", "", { "os": "freebsd", "cpu": "arm64" }, "sha512-kpdsUdMlVJMRMaOf/tIvxk8TQdzHhY47imwmASOuMajg/GXpw8GKNd8LNwIHE5Yd1onehNpcUB9jHY6wgw9nHQ=="],

    "@rollup/rollup-freebsd-x64": ["@rollup/rollup-freebsd-x64@4.34.0", "", { "os": "freebsd", "cpu": "x64" }, "sha512-D0RDyHygOBCQiqookcPevrvgEarN0CttBecG4chOeIYCNtlKHmf5oi5kAVpXV7qs0Xh/WO2RnxeicZPtT50V0g=="],

    "@rollup/rollup-linux-arm-gnueabihf": ["@rollup/rollup-linux-arm-gnueabihf@4.34.0", "", { "os": "linux", "cpu": "arm" }, "sha512-mCIw8j5LPDXmCOW8mfMZwT6F/Kza03EnSr4wGYEswrEfjTfVsFOxvgYfuRMxTuUF/XmRb9WSMD5GhCWDe2iNrg=="],

    "@rollup/rollup-linux-arm-musleabihf": ["@rollup/rollup-linux-arm-musleabihf@4.34.0", "", { "os": "linux", "cpu": "arm" }, "sha512-AwwldAu4aCJPob7zmjuDUMvvuatgs8B/QiVB0KwkUarAcPB3W+ToOT+18TQwY4z09Al7G0BvCcmLRop5zBLTag=="],

    "@rollup/rollup-linux-arm64-gnu": ["@rollup/rollup-linux-arm64-gnu@4.34.0", "", { "os": "linux", "cpu": "arm64" }, "sha512-e7kDUGVP+xw05pV65ZKb0zulRploU3gTu6qH1qL58PrULDGxULIS0OSDQJLH7WiFnpd3ZKUU4VM3u/Z7Zw+e7Q=="],

    "@rollup/rollup-linux-arm64-musl": ["@rollup/rollup-linux-arm64-musl@4.34.0", "", { "os": "linux", "cpu": "arm64" }, "sha512-SXYJw3zpwHgaBqTXeAZ31qfW/v50wq4HhNVvKFhRr5MnptRX2Af4KebLWR1wpxGJtLgfS2hEPuALRIY3LPAAcA=="],

    "@rollup/rollup-linux-loongarch64-gnu": ["@rollup/rollup-linux-loongarch64-gnu@4.34.0", "", { "os": "linux", "cpu": "none" }, "sha512-e5XiCinINCI4RdyU3sFyBH4zzz7LiQRvHqDtRe9Dt8o/8hTBaYpdPimayF00eY2qy5j4PaaWK0azRgUench6WQ=="],

    "@rollup/rollup-linux-powerpc64le-gnu": ["@rollup/rollup-linux-powerpc64le-gnu@4.34.0", "", { "os": "linux", "cpu": "ppc64" }, "sha512-3SWN3e0bAsm9ToprLFBSro8nJe6YN+5xmB11N4FfNf92wvLye/+Rh5JGQtKOpwLKt6e61R1RBc9g+luLJsc23A=="],

    "@rollup/rollup-linux-riscv64-gnu": ["@rollup/rollup-linux-riscv64-gnu@4.34.0", "", { "os": "linux", "cpu": "none" }, "sha512-B1Oqt3GLh7qmhvfnc2WQla4NuHlcxAD5LyueUi5WtMc76ZWY+6qDtQYqnxARx9r+7mDGfamD+8kTJO0pKUJeJA=="],

    "@rollup/rollup-linux-s390x-gnu": ["@rollup/rollup-linux-s390x-gnu@4.34.0", "", { "os": "linux", "cpu": "s390x" }, "sha512-UfUCo0h/uj48Jq2lnhX0AOhZPSTAq3Eostas+XZ+GGk22pI+Op1Y6cxQ1JkUuKYu2iU+mXj1QjPrZm9nNWV9rg=="],

    "@rollup/rollup-linux-x64-gnu": ["@rollup/rollup-linux-x64-gnu@4.34.0", "", { "os": "linux", "cpu": "x64" }, "sha512-chZLTUIPbgcpm+Z7ALmomXW8Zh+wE2icrG+K6nt/HenPLmtwCajhQC5flNSk1Xy5EDMt/QAOz2MhzfOfJOLSiA=="],

    "@rollup/rollup-linux-x64-musl": ["@rollup/rollup-linux-x64-musl@4.34.0", "", { "os": "linux", "cpu": "x64" }, "sha512-jo0UolK70O28BifvEsFD/8r25shFezl0aUk2t0VJzREWHkq19e+pcLu4kX5HiVXNz5qqkD+aAq04Ct8rkxgbyQ=="],

    "@rollup/rollup-win32-arm64-msvc": ["@rollup/rollup-win32-arm64-msvc@4.34.0", "", { "os": "win32", "cpu": "arm64" }, "sha512-Vmg0NhAap2S54JojJchiu5An54qa6t/oKT7LmDaWggpIcaiL8WcWHEN6OQrfTdL6mQ2GFyH7j2T5/3YPEDOOGA=="],

    "@rollup/rollup-win32-ia32-msvc": ["@rollup/rollup-win32-ia32-msvc@4.34.0", "", { "os": "win32", "cpu": "ia32" }, "sha512-CV2aqhDDOsABKHKhNcs1SZFryffQf8vK2XrxP6lxC99ELZAdvsDgPklIBfd65R8R+qvOm1SmLaZ/Fdq961+m7A=="],

    "@rollup/rollup-win32-x64-msvc": ["@rollup/rollup-win32-x64-msvc@4.34.0", "", { "os": "win32", "cpu": "x64" }, "sha512-g2ASy1QwHP88y5KWvblUolJz9rN+i4ZOsYzkEwcNfaNooxNUXG+ON6F5xFo0NIItpHqxcdAyls05VXpBnludGw=="],

    "@sveltejs/acorn-typescript": ["@sveltejs/acorn-typescript@1.0.5", "", { "peerDependencies": { "acorn": "^8.9.0" } }, "sha512-IwQk4yfwLdibDlrXVE04jTZYlLnwsTT2PIOQQGNLWfjavGifnk1JD1LcZjZaBTRcxZu2FfPfNLOE04DSu9lqtQ=="],

    "@sveltejs/vite-plugin-svelte": ["@sveltejs/vite-plugin-svelte@5.0.3", "", { "dependencies": { "@sveltejs/vite-plugin-svelte-inspector": "^4.0.1", "debug": "^4.4.0", "deepmerge": "^4.3.1", "kleur": "^4.1.5", "magic-string": "^0.30.15", "vitefu": "^1.0.4" }, "peerDependencies": { "svelte": "^5.0.0", "vite": "^6.0.0" } }, "sha512-MCFS6CrQDu1yGwspm4qtli0e63vaPCehf6V7pIMP15AsWgMKrqDGCPFF/0kn4SP0ii4aySu4Pa62+fIRGFMjgw=="],

    "@sveltejs/vite-plugin-svelte-inspector": ["@sveltejs/vite-plugin-svelte-inspector@4.0.1", "", { "dependencies": { "debug": "^4.3.7" }, "peerDependencies": { "@sveltejs/vite-plugin-svelte": "^5.0.0", "svelte": "^5.0.0", "vite": "^6.0.0" } }, "sha512-J/Nmb2Q2y7mck2hyCX4ckVHcR5tu2J+MtBEQqpDrrgELZ2uvraQcK/ioCV61AqkdXFgriksOKIceDcQmqnGhVw=="],

    "@tailwindcss/node": ["@tailwindcss/node@4.0.14", "", { "dependencies": { "enhanced-resolve": "^5.18.1", "jiti": "^2.4.2", "tailwindcss": "4.0.14" } }, "sha512-Ux9NbFkKWYE4rfUFz6M5JFLs/GEYP6ysxT8uSyPn6aTbh2K3xDE1zz++eVK4Vwx799fzMF8CID9sdHn4j/Ab8w=="],

    "@tailwindcss/oxide": ["@tailwindcss/oxide@4.0.14", "", { "optionalDependencies": { "@tailwindcss/oxide-android-arm64": "4.0.14", "@tailwindcss/oxide-darwin-arm64": "4.0.14", "@tailwindcss/oxide-darwin-x64": "4.0.14", "@tailwindcss/oxide-freebsd-x64": "4.0.14", "@tailwindcss/oxide-linux-arm-gnueabihf": "4.0.14", "@tailwindcss/oxide-linux-arm64-gnu": "4.0.14", "@tailwindcss/oxide-linux-arm64-musl": "4.0.14", "@tailwindcss/oxide-linux-x64-gnu": "4.0.14", "@tailwindcss/oxide-linux-x64-musl": "4.0.14", "@tailwindcss/oxide-win32-arm64-msvc": "4.0.14", "@tailwindcss/oxide-win32-x64-msvc": "4.0.14" } }, "sha512-M8VCNyO/NBi5vJ2cRcI9u8w7Si+i76a7o1vveoGtbbjpEYJZYiyc7f2VGps/DqawO56l3tImIbq2OT/533jcrA=="],

    "@tailwindcss/oxide-android-arm64": ["@tailwindcss/oxide-android-arm64@4.0.14", "", { "os": "android", "cpu": "arm64" }, "sha512-VBFKC2rFyfJ5J8lRwjy6ub3rgpY186kAcYgiUr8ArR8BAZzMruyeKJ6mlsD22Zp5ZLcPW/FXMasJiJBx0WsdQg=="],

    "@tailwindcss/oxide-darwin-arm64": ["@tailwindcss/oxide-darwin-arm64@4.0.14", "", { "os": "darwin", "cpu": "arm64" }, "sha512-U3XOwLrefGr2YQZ9DXasDSNWGPZBCh8F62+AExBEDMLDfvLLgI/HDzY8Oq8p/JtqkAY38sWPOaNnRwEGKU5Zmg=="],

    "@tailwindcss/oxide-darwin-x64": ["@tailwindcss/oxide-darwin-x64@4.0.14", "", { "os": "darwin", "cpu": "x64" }, "sha512-V5AjFuc3ndWGnOi1d379UsODb0TzAS2DYIP/lwEbfvafUaD2aNZIcbwJtYu2DQqO2+s/XBvDVA+w4yUyaewRwg=="],

    "@tailwindcss/oxide-freebsd-x64": ["@tailwindcss/oxide-freebsd-x64@4.0.14", "", { "os": "freebsd", "cpu": "x64" }, "sha512-tXvtxbaZfcPfqBwW3f53lTcyH6EDT+1eT7yabwcfcxTs+8yTPqxsDUhrqe9MrnEzpNkd+R/QAjJapfd4tjWdLg=="],

    "@tailwindcss/oxide-linux-arm-gnueabihf": ["@tailwindcss/oxide-linux-arm-gnueabihf@4.0.14", "", { "os": "linux", "cpu": "arm" }, "sha512-cSeLNWWqIWeSTmBntQvyY2/2gcLX8rkPFfDDTQVF8qbRcRMVPLxBvFVJyfSAYRNch6ZyVH2GI6dtgALOBDpdNA=="],

    "@tailwindcss/oxide-linux-arm64-gnu": ["@tailwindcss/oxide-linux-arm64-gnu@4.0.14", "", { "os": "linux", "cpu": "arm64" }, "sha512-bwDWLBalXFMDItcSXzFk6y7QKvj6oFlaY9vM+agTlwFL1n1OhDHYLZkSjaYsh6KCeG0VB0r7H8PUJVOM1LRZyg=="],

    "@tailwindcss/oxide-linux-arm64-musl": ["@tailwindcss/oxide-linux-arm64-musl@4.0.14", "", { "os": "linux", "cpu": "arm64" }, "sha512-gVkJdnR/L6iIcGYXx64HGJRmlme2FGr/aZH0W6u4A3RgPMAb+6ELRLi+UBiH83RXBm9vwCfkIC/q8T51h8vUJQ=="],

    "@tailwindcss/oxide-linux-x64-gnu": ["@tailwindcss/oxide-linux-x64-gnu@4.0.14", "", { "os": "linux", "cpu": "x64" }, "sha512-EE+EQ+c6tTpzsg+LGO1uuusjXxYx0Q00JE5ubcIGfsogSKth8n8i2BcS2wYTQe4jXGs+BQs35l78BIPzgwLddw=="],

    "@tailwindcss/oxide-linux-x64-musl": ["@tailwindcss/oxide-linux-x64-musl@4.0.14", "", { "os": "linux", "cpu": "x64" }, "sha512-KCCOzo+L6XPT0oUp2Jwh233ETRQ/F6cwUnMnR0FvMUCbkDAzHbcyOgpfuAtRa5HD0WbTbH4pVD+S0pn1EhNfbw=="],

    "@tailwindcss/oxide-win32-arm64-msvc": ["@tailwindcss/oxide-win32-arm64-msvc@4.0.14", "", { "os": "win32", "cpu": "arm64" }, "sha512-AHObFiFL9lNYcm3tZSPqa/cHGpM5wOrNmM2uOMoKppp+0Hom5uuyRh0QkOp7jftsHZdrZUpmoz0Mp6vhh2XtUg=="],

    "@tailwindcss/oxide-win32-x64-msvc": ["@tailwindcss/oxide-win32-x64-msvc@4.0.14", "", { "os": "win32", "cpu": "x64" }, "sha512-rNXXMDJfCJLw/ZaFTOLOHoGULxyXfh2iXTGiChFiYTSgKBKQHIGEpV0yn5N25WGzJJ+VBnRjHzlmDqRV+d//oQ=="],

    "@tailwindcss/vite": ["@tailwindcss/vite@4.0.14", "", { "dependencies": { "@tailwindcss/node": "4.0.14", "@tailwindcss/oxide": "4.0.14", "lightningcss": "1.29.2", "tailwindcss": "4.0.14" }, "peerDependencies": { "vite": "^5.2.0 || ^6" } }, "sha512-y69ztPTRFy+13EPS/7dEFVl7q2Goh1pQueVO8IfGeyqSpcx/joNJXFk0lLhMgUbF0VFJotwRSb9ZY7Xoq3r26Q=="],

    "@tanstack/query-core": ["@tanstack/query-core@5.69.0", "", {}, "sha512-Kn410jq6vs1P8Nm+ZsRj9H+U3C0kjuEkYLxbiCyn3MDEiYor1j2DGVULqAz62SLZtUZ/e9Xt6xMXiJ3NJ65WyQ=="],

    "@tanstack/svelte-query": ["@tanstack/svelte-query@5.69.0", "", { "dependencies": { "@tanstack/query-core": "5.69.0" }, "peerDependencies": { "svelte": "^3.54.0 || ^4.0.0 || ^5.0.0" } }, "sha512-4zn8uW76PQCIvFHS/JbvxtdjlglF1BaH9wZiiEWRp5lnlcwr+4NHYlvzXI6z7Ff4ZuJvPjVBNhrwFYfJjL+gOQ=="],

    "@trpc/client": ["@trpc/client@10.45.2", "", { "peerDependencies": { "@trpc/server": "10.45.2" } }, "sha512-ykALM5kYWTLn1zYuUOZ2cPWlVfrXhc18HzBDyRhoPYN0jey4iQHEFSEowfnhg1RvYnrAVjNBgHNeSAXjrDbGwg=="],

    "@trpc/server": ["@trpc/server@10.45.2", "", {}, "sha512-wOrSThNNE4HUnuhJG6PfDRp4L2009KDVxsd+2VYH8ro6o/7/jwYZ8Uu5j+VaW+mOmc8EHerHzGcdbGNQSAUPgg=="],

    "@types/bun": ["@types/bun@1.2.5", "", { "dependencies": { "bun-types": "1.2.5" } }, "sha512-w2OZTzrZTVtbnJew1pdFmgV99H0/L+Pvw+z1P67HaR18MHOzYnTYOi6qzErhK8HyT+DB782ADVPPE92Xu2/Opg=="],

    "@types/estree": ["@types/estree@1.0.6", "", {}, "sha512-AYnb1nQyY49te+VRAVgmzfcgjYS91mY5P0TKUDCLEM+gNnA+3T6rWITXRLYCpahpqSQbN5cE+gHpnPyXjHWxcw=="],

    "@types/node": ["@types/node@22.13.0", "", { "dependencies": { "undici-types": "~6.20.0" } }, "sha512-ClIbNe36lawluuvq3+YYhnIN2CELi+6q8NpnM7PYp4hBn/TatfboPgVSm2rwKRfnV2M+Ty9GWDFI64KEe+kysA=="],

    "@types/ws": ["@types/ws@8.5.14", "", { "dependencies": { "@types/node": "*" } }, "sha512-bd/YFLW+URhBzMXurx7lWByOu+xzU9+kb3RboOteXYDfW+tr+JZa99OyNmPINEGB/ahzKrEuc8rcv4gnpJmxTw=="],

    "acorn": ["acorn@8.14.0", "", { "bin": { "acorn": "bin/acorn" } }, "sha512-cl669nCJTZBsL97OF4kUQm5g5hC2uihk0NxY3WENAC0TYdILVkAyHymAntgxGkl7K+t0cXIrH5siy5S4XkFycA=="],

    "aria-query": ["aria-query@5.3.2", "", {}, "sha512-COROpnaoap1E2F000S62r6A60uHZnmlvomhfyT2DlTcrY1OrBKn2UhH7qn5wTC9zMvD0AY7csdPSNwKP+7WiQw=="],

    "axobject-query": ["axobject-query@4.1.0", "", {}, "sha512-qIj0G9wZbMGNLjLmg1PT6v2mE9AH2zlnADJD/2tC6E00hgmhUOfEB6greHPAfLRSufHqROIUTkw6E+M3lH0PTQ=="],

    "bun-types": ["bun-types@1.2.5", "", { "dependencies": { "@types/node": "*", "@types/ws": "~8.5.10" } }, "sha512-3oO6LVGGRRKI4kHINx5PIdIgnLRb7l/SprhzqXapmoYkFl5m4j6EvALvbDVuuBFaamB46Ap6HCUxIXNLCGy+tg=="],

    "client": ["client@workspace:packages/client"],

    "clsx": ["clsx@2.1.1", "", {}, "sha512-eYm0QWBtUrBWZWG0d386OGAw16Z995PiOVo2B7bjWSbHedGl5e0ZWaq65kOGgUSNesEIDkB9ISbTg/JK9dhCZA=="],

    "debug": ["debug@4.4.0", "", { "dependencies": { "ms": "^2.1.3" } }, "sha512-6WTZ/IxCY/T6BALoZHaE4ctp9xm+Z5kY/pzYaCHRFeyVhojxlrm+46y68HA6hr0TcwEssoxNiDEUJQjfPZ/RYA=="],

    "deepmerge": ["deepmerge@4.3.1", "", {}, "sha512-3sUqbMEc77XqpdNO7FRyRog+eW3ph+GYCbj+rK+uYyRMuwsVy0rMiVtPn+QJlKFvWP/1PYpapqYn0Me2knFn+A=="],

    "detect-libc": ["detect-libc@2.0.3", "", {}, "sha512-bwy0MGW55bG41VqxxypOsdSdGqLwXPI/focwgTYCFMbdUiBAxLg9CFzG08sz2aqzknwiX7Hkl0bQENjg8iLByw=="],

    "enhanced-resolve": ["enhanced-resolve@5.18.1", "", { "dependencies": { "graceful-fs": "^4.2.4", "tapable": "^2.2.0" } }, "sha512-ZSW3ma5GkcQBIpwZTSRAI8N71Uuwgs93IezB7mf7R60tC8ZbJideoDNKjHn2O9KIlx6rkGTTEk1xUCK2E1Y2Yg=="],

    "esbuild": ["esbuild@0.25.1", "", { "optionalDependencies": { "@esbuild/aix-ppc64": "0.25.1", "@esbuild/android-arm": "0.25.1", "@esbuild/android-arm64": "0.25.1", "@esbuild/android-x64": "0.25.1", "@esbuild/darwin-arm64": "0.25.1", "@esbuild/darwin-x64": "0.25.1", "@esbuild/freebsd-arm64": "0.25.1", "@esbuild/freebsd-x64": "0.25.1", "@esbuild/linux-arm": "0.25.1", "@esbuild/linux-arm64": "0.25.1", "@esbuild/linux-ia32": "0.25.1", "@esbuild/linux-loong64": "0.25.1", "@esbuild/linux-mips64el": "0.25.1", "@esbuild/linux-ppc64": "0.25.1", "@esbuild/linux-riscv64": "0.25.1", "@esbuild/linux-s390x": "0.25.1", "@esbuild/linux-x64": "0.25.1", "@esbuild/netbsd-arm64": "0.25.1", "@esbuild/netbsd-x64": "0.25.1", "@esbuild/openbsd-arm64": "0.25.1", "@esbuild/openbsd-x64": "0.25.1", "@esbuild/sunos-x64": "0.25.1", "@esbuild/win32-arm64": "0.25.1", "@esbuild/win32-ia32": "0.25.1", "@esbuild/win32-x64": "0.25.1" }, "bin": { "esbuild": "bin/esbuild" } }, "sha512-BGO5LtrGC7vxnqucAe/rmvKdJllfGaYWdyABvyMoXQlfYMb2bbRuReWR5tEGE//4LcNJj9XrkovTqNYRFZHAMQ=="],

    "esm-env": ["esm-env@1.2.2", "", {}, "sha512-Epxrv+Nr/CaL4ZcFGPJIYLWFom+YeV1DqMLHJoEd9SYRxNbaFruBwfEX/kkHUJf55j2+TUbmDcmuilbP1TmXHA=="],

    "esrap": ["esrap@1.4.3", "", { "dependencies": { "@jridgewell/sourcemap-codec": "^1.4.15" } }, "sha512-Xddc1RsoFJ4z9nR7W7BFaEPIp4UXoeQ0+077UdWLxbafMQFyU79sQJMk7kxNgRwQ9/aVgaKacCHC2pUACGwmYw=="],

    "fsevents": ["fsevents@2.3.3", "", { "os": "darwin" }, "sha512-5xoDfX+fL7faATnagmWPpbFtwh/R77WmMMqqHGS65C3vvB0YHrgF+B1YmZ3441tMj5n63k0212XNoJwzlhffQw=="],

    "graceful-fs": ["graceful-fs@4.2.11", "", {}, "sha512-RbJ5/jmFcNNCcDV5o9eTnBLJ/HszWV0P73bc+Ff4nS/rJj+YaS6IGyiOL0VoBYX+l1Wrl3k63h/KrH+nhJ0XvQ=="],

    "hono": ["hono@4.7.0", "", {}, "sha512-hV97aIR4WYbG30k234sD9B3VNr1ZWdQRmrVF76LKFlmI7O9Yo70mG9+mFwyQ6Sjrz4wH71GfnBxv6CPjcx3QNw=="],

    "is-reference": ["is-reference@3.0.3", "", { "dependencies": { "@types/estree": "^1.0.6" } }, "sha512-ixkJoqQvAP88E6wLydLGGqCJsrFUnqoH6HnaczB8XmDH1oaWU+xxdptvikTgaEhtZ53Ky6YXiBuUI2WXLMCwjw=="],

    "jiti": ["jiti@2.4.2", "", { "bin": { "jiti": "lib/jiti-cli.mjs" } }, "sha512-rg9zJN+G4n2nfJl5MW3BMygZX56zKPNVEYYqq7adpmMh4Jn2QNEwhvQlFy6jPVdcod7txZtKHWnyZiA3a0zP7A=="],

    "kleur": ["kleur@4.1.5", "", {}, "sha512-o+NO+8WrRiQEE4/7nwRJhN1HWpVmJm511pBHUxPLtp0BUISzlBplORYSmTclCnJvQq2tKu/sgl3xVpkc7ZWuQQ=="],

    "lefthook": ["lefthook@1.11.3", "", { "optionalDependencies": { "lefthook-darwin-arm64": "1.11.3", "lefthook-darwin-x64": "1.11.3", "lefthook-freebsd-arm64": "1.11.3", "lefthook-freebsd-x64": "1.11.3", "lefthook-linux-arm64": "1.11.3", "lefthook-linux-x64": "1.11.3", "lefthook-openbsd-arm64": "1.11.3", "lefthook-openbsd-x64": "1.11.3", "lefthook-windows-arm64": "1.11.3", "lefthook-windows-x64": "1.11.3" }, "bin": { "lefthook": "bin/index.js" } }, "sha512-HJp37y62j3j8qzAOODWuUJl4ysLwsDvCTBV6odr3jIRHR/a5e+tI14VQGIBcpK9ysqC3pGWyW5Rp9Jv1YDubyw=="],

    "lefthook-darwin-arm64": ["lefthook-darwin-arm64@1.11.3", "", { "os": "darwin", "cpu": "arm64" }, "sha512-IYzAOf8Qwqk7q+LoRyy7kSk9vzpUZ5wb/vLzEAH/F86Vay9AUaWe1f2pzeLwFg18qEc1QNklT69h9p/uLQMojA=="],

    "lefthook-darwin-x64": ["lefthook-darwin-x64@1.11.3", "", { "os": "darwin", "cpu": "x64" }, "sha512-z/Wp7UMjE1Vyl+x9sjN3NvN6qKdwgHl+cDf98MKKDg/WyPE5XnzqLm9rLLJgImjyClfH7ptTfZxEyhTG3M3XvQ=="],

    "lefthook-freebsd-arm64": ["lefthook-freebsd-arm64@1.11.3", "", { "os": "freebsd", "cpu": "arm64" }, "sha512-QevwQ7lrv5wBCkk7LLTzT5KR3Bk/5nttSxT1UH2o0EsgirS/c2K5xSgQmV6m3CiZYuCe2Pja4BSIwN3zt17SMw=="],

    "lefthook-freebsd-x64": ["lefthook-freebsd-x64@1.11.3", "", { "os": "freebsd", "cpu": "x64" }, "sha512-PYbcyNgdJJ4J2pEO9Ss4oYo5yq4vmQGTKm3RTYbRx4viSWR65hvKCP0C4LnIqspMvmR05SJi2bqe7UBP2t60EA=="],

    "lefthook-linux-arm64": ["lefthook-linux-arm64@1.11.3", "", { "os": "linux", "cpu": "arm64" }, "sha512-0pBMBAoafOAEg345eOPozsmRjWR0zCr6k+m5ZxwRBZbZx1bQFDqBakQ3TpFCphhcykmgFyaa1KeZJZUOrEsezA=="],

    "lefthook-linux-x64": ["lefthook-linux-x64@1.11.3", "", { "os": "linux", "cpu": "x64" }, "sha512-eiezheZ/bisBCMB2Ur0mctug/RDFyu39B5wzoE8y4z0W1yw6jHGrWMJ4Y8+5qKZ7fmdZg+7YPuMHZ2eFxOnhQA=="],

    "lefthook-openbsd-arm64": ["lefthook-openbsd-arm64@1.11.3", "", { "os": "openbsd", "cpu": "arm64" }, "sha512-DRLTzXdtCj/TizpLcGSqXcnrqvgxeXgn/6nqzclIGqNdKCsNXDzpI0D3sP13Vwwmyoqv2etoTak2IHqZiXZDqg=="],

    "lefthook-openbsd-x64": ["lefthook-openbsd-x64@1.11.3", "", { "os": "openbsd", "cpu": "x64" }, "sha512-l7om+ZjWpYrVZyDuElwnucZhEqa7YfwlRaKBenkBxEh2zMje8O6Zodeuma1KmyDbSFvnvEjARo/Ejiot4gLXEw=="],

    "lefthook-windows-arm64": ["lefthook-windows-arm64@1.11.3", "", { "os": "win32", "cpu": "arm64" }, "sha512-X0iTrql2gfPAkU2dzRwuHWgW5RcqCPbzJtKQ41X6Y/F7iQacRknmuYUGyC81funSvzGAsvlusMVLUvaFjIKnbA=="],

    "lefthook-windows-x64": ["lefthook-windows-x64@1.11.3", "", { "os": "win32", "cpu": "x64" }, "sha512-F+ORMn6YJXoS0EXU5LtN1FgV4QX9rC9LucZEkRmK6sKmS7hcb9IHpyb7siRGytArYzJvXVjPbxPBNSBdN4egZQ=="],

    "lightningcss": ["lightningcss@1.29.2", "", { "dependencies": { "detect-libc": "^2.0.3" }, "optionalDependencies": { "lightningcss-darwin-arm64": "1.29.2", "lightningcss-darwin-x64": "1.29.2", "lightningcss-freebsd-x64": "1.29.2", "lightningcss-linux-arm-gnueabihf": "1.29.2", "lightningcss-linux-arm64-gnu": "1.29.2", "lightningcss-linux-arm64-musl": "1.29.2", "lightningcss-linux-x64-gnu": "1.29.2", "lightningcss-linux-x64-musl": "1.29.2", "lightningcss-win32-arm64-msvc": "1.29.2", "lightningcss-win32-x64-msvc": "1.29.2" } }, "sha512-6b6gd/RUXKaw5keVdSEtqFVdzWnU5jMxTUjA2bVcMNPLwSQ08Sv/UodBVtETLCn7k4S1Ibxwh7k68IwLZPgKaA=="],

    "lightningcss-darwin-arm64": ["lightningcss-darwin-arm64@1.29.2", "", { "os": "darwin", "cpu": "arm64" }, "sha512-cK/eMabSViKn/PG8U/a7aCorpeKLMlK0bQeNHmdb7qUnBkNPnL+oV5DjJUo0kqWsJUapZsM4jCfYItbqBDvlcA=="],

    "lightningcss-darwin-x64": ["lightningcss-darwin-x64@1.29.2", "", { "os": "darwin", "cpu": "x64" }, "sha512-j5qYxamyQw4kDXX5hnnCKMf3mLlHvG44f24Qyi2965/Ycz829MYqjrVg2H8BidybHBp9kom4D7DR5VqCKDXS0w=="],

    "lightningcss-freebsd-x64": ["lightningcss-freebsd-x64@1.29.2", "", { "os": "freebsd", "cpu": "x64" }, "sha512-wDk7M2tM78Ii8ek9YjnY8MjV5f5JN2qNVO+/0BAGZRvXKtQrBC4/cn4ssQIpKIPP44YXw6gFdpUF+Ps+RGsCwg=="],

    "lightningcss-linux-arm-gnueabihf": ["lightningcss-linux-arm-gnueabihf@1.29.2", "", { "os": "linux", "cpu": "arm" }, "sha512-IRUrOrAF2Z+KExdExe3Rz7NSTuuJ2HvCGlMKoquK5pjvo2JY4Rybr+NrKnq0U0hZnx5AnGsuFHjGnNT14w26sg=="],

    "lightningcss-linux-arm64-gnu": ["lightningcss-linux-arm64-gnu@1.29.2", "", { "os": "linux", "cpu": "arm64" }, "sha512-KKCpOlmhdjvUTX/mBuaKemp0oeDIBBLFiU5Fnqxh1/DZ4JPZi4evEH7TKoSBFOSOV3J7iEmmBaw/8dpiUvRKlQ=="],

    "lightningcss-linux-arm64-musl": ["lightningcss-linux-arm64-musl@1.29.2", "", { "os": "linux", "cpu": "arm64" }, "sha512-Q64eM1bPlOOUgxFmoPUefqzY1yV3ctFPE6d/Vt7WzLW4rKTv7MyYNky+FWxRpLkNASTnKQUaiMJ87zNODIrrKQ=="],

    "lightningcss-linux-x64-gnu": ["lightningcss-linux-x64-gnu@1.29.2", "", { "os": "linux", "cpu": "x64" }, "sha512-0v6idDCPG6epLXtBH/RPkHvYx74CVziHo6TMYga8O2EiQApnUPZsbR9nFNrg2cgBzk1AYqEd95TlrsL7nYABQg=="],

    "lightningcss-linux-x64-musl": ["lightningcss-linux-x64-musl@1.29.2", "", { "os": "linux", "cpu": "x64" }, "sha512-rMpz2yawkgGT8RULc5S4WiZopVMOFWjiItBT7aSfDX4NQav6M44rhn5hjtkKzB+wMTRlLLqxkeYEtQ3dd9696w=="],

    "lightningcss-win32-arm64-msvc": ["lightningcss-win32-arm64-msvc@1.29.2", "", { "os": "win32", "cpu": "arm64" }, "sha512-nL7zRW6evGQqYVu/bKGK+zShyz8OVzsCotFgc7judbt6wnB2KbiKKJwBE4SGoDBQ1O94RjW4asrCjQL4i8Fhbw=="],

    "lightningcss-win32-x64-msvc": ["lightningcss-win32-x64-msvc@1.29.2", "", { "os": "win32", "cpu": "x64" }, "sha512-EdIUW3B2vLuHmv7urfzMI/h2fmlnOQBk1xlsDxkN1tCWKjNFjfLhGxYk8C8mzpSfr+A6jFFIi8fU6LbQGsRWjA=="],

    "locate-character": ["locate-character@3.0.0", "", {}, "sha512-SW13ws7BjaeJ6p7Q6CO2nchbYEc3X3J6WrmTTDto7yMPqVSZTUyY5Tjbid+Ab8gLnATtygYtiDIJGQRRn2ZOiA=="],

    "magic-string": ["magic-string@0.30.17", "", { "dependencies": { "@jridgewell/sourcemap-codec": "^1.5.0" } }, "sha512-sNPKHvyjVf7gyjwS4xGTaW/mCnF8wnjtifKBEhxfZ7E/S8tQ0rssrwGNn6q8JH/ohItJfSQp9mBtQYuTlH5QnA=="],

    "ms": ["ms@2.1.3", "", {}, "sha512-6FlzubTLZG3J2a/NVCAleEhjzq5oxgHyaCU9yYXvcLsvoVaHJq/s5xXI6/XXP6tz7R9xAOtHnSO/tXtF3WRTlA=="],

    "nanoid": ["nanoid@3.3.8", "", { "bin": { "nanoid": "bin/nanoid.cjs" } }, "sha512-WNLf5Sd8oZxOm+TzppcYk8gVOgP+l58xNy58D0nbUnOxOWRWvlcCV4kUF7ltmI6PsrLl/BgKEyS4mqsGChFN0w=="],

    "picocolors": ["picocolors@1.1.1", "", {}, "sha512-xceH2snhtb5M9liqDsmEw56le376mTZkEX/jEb/RxNFyegNul7eNslCXP9FDj/Lcu0X8KEyMceP2ntpaHrDEVA=="],

    "postcss": ["postcss@8.5.3", "", { "dependencies": { "nanoid": "^3.3.8", "picocolors": "^1.1.1", "source-map-js": "^1.2.1" } }, "sha512-dle9A3yYxlBSrt8Fu+IpjGT8SY8hN0mlaA6GY8t0P5PjIOZemULz/E2Bnm/2dcUOena75OTNkHI76uZBNUUq3A=="],

    "rollup": ["rollup@4.34.0", "", { "dependencies": { "@types/estree": "1.0.6" }, "optionalDependencies": { "@rollup/rollup-android-arm-eabi": "4.34.0", "@rollup/rollup-android-arm64": "4.34.0", "@rollup/rollup-darwin-arm64": "4.34.0", "@rollup/rollup-darwin-x64": "4.34.0", "@rollup/rollup-freebsd-arm64": "4.34.0", "@rollup/rollup-freebsd-x64": "4.34.0", "@rollup/rollup-linux-arm-gnueabihf": "4.34.0", "@rollup/rollup-linux-arm-musleabihf": "4.34.0", "@rollup/rollup-linux-arm64-gnu": "4.34.0", "@rollup/rollup-linux-arm64-musl": "4.34.0", "@rollup/rollup-linux-loongarch64-gnu": "4.34.0", "@rollup/rollup-linux-powerpc64le-gnu": "4.34.0", "@rollup/rollup-linux-riscv64-gnu": "4.34.0", "@rollup/rollup-linux-s390x-gnu": "4.34.0", "@rollup/rollup-linux-x64-gnu": "4.34.0", "@rollup/rollup-linux-x64-musl": "4.34.0", "@rollup/rollup-win32-arm64-msvc": "4.34.0", "@rollup/rollup-win32-ia32-msvc": "4.34.0", "@rollup/rollup-win32-x64-msvc": "4.34.0", "fsevents": "~2.3.2" }, "bin": { "rollup": "dist/bin/rollup" } }, "sha512-+4C/cgJ9w6sudisA0nZz0+O7lTP9a3CzNLsoDwaRumM8QHwghUsu6tqHXiTmNUp/rqNiM14++7dkzHDyCRs0Jg=="],

    "server": ["server@workspace:packages/server"],

    "source-map-js": ["source-map-js@1.2.1", "", {}, "sha512-UXWMKhLOwVKb728IUtQPXxfYU+usdybtUrK/8uGE8CQMvrhOpwvzDBwj0QhSL7MQc7vIsISBG8VQ8+IDQxpfQA=="],

    "svelte": ["svelte@5.23.2", "", { "dependencies": { "@ampproject/remapping": "^2.3.0", "@jridgewell/sourcemap-codec": "^1.5.0", "@sveltejs/acorn-typescript": "^1.0.5", "@types/estree": "^1.0.5", "acorn": "^8.12.1", "aria-query": "^5.3.1", "axobject-query": "^4.1.0", "clsx": "^2.1.1", "esm-env": "^1.2.1", "esrap": "^1.4.3", "is-reference": "^3.0.3", "locate-character": "^3.0.0", "magic-string": "^0.30.11", "zimmerframe": "^1.1.2" } }, "sha512-PHP1o0aYJNMatiZ+0nq1W/Z1W1/l5Z94B9nhMIo7gsuTBbxC454g4O5SQMjQpZBUZi5ANYUrXJOE4gPzcN/VQw=="],

    "tailwindcss": ["tailwindcss@4.0.14", "", {}, "sha512-92YT2dpt671tFiHH/e1ok9D987N9fHD5VWoly1CdPD/Cd1HMglvZwP3nx2yTj2lbXDAHt8QssZkxTLCCTNL+xw=="],

    "tapable": ["tapable@2.2.1", "", {}, "sha512-GNzQvQTOIP6RyTfE2Qxb8ZVlNmw0n88vp1szwWRimP02mnTsx3Wtn5qRdqY9w2XduFNUgvOwhNnQsjwCp+kqaQ=="],

    "typescript": ["typescript@5.8.2", "", { "bin": { "tsc": "bin/tsc", "tsserver": "bin/tsserver" } }, "sha512-aJn6wq13/afZp/jT9QZmwEjDqqvSGp1VT5GVg+f/t6/oVyrgXM6BY1h9BRh/O5p3PlUPAe+WuiEZOmb/49RqoQ=="],

    "undici-types": ["undici-types@6.20.0", "", {}, "sha512-Ny6QZ2Nju20vw1SRHe3d9jVu6gJ+4e3+MMpqu7pqE5HT6WsTSlce++GQmK5UXS8mzV8DSYHrQH+Xrf2jVcuKNg=="],

    "vite": ["vite@6.2.2", "", { "dependencies": { "esbuild": "^0.25.0", "postcss": "^8.5.3", "rollup": "^4.30.1" }, "optionalDependencies": { "fsevents": "~2.3.3" }, "peerDependencies": { "@types/node": "^18.0.0 || ^20.0.0 || >=22.0.0", "jiti": ">=1.21.0", "less": "*", "lightningcss": "^1.21.0", "sass": "*", "sass-embedded": "*", "stylus": "*", "sugarss": "*", "terser": "^5.16.0", "tsx": "^4.8.1", "yaml": "^2.4.2" }, "optionalPeers": ["@types/node", "jiti", "less", "lightningcss", "sass", "sass-embedded", "stylus", "sugarss", "terser", "tsx", "yaml"], "bin": { "vite": "bin/vite.js" } }, "sha512-yW7PeMM+LkDzc7CgJuRLMW2Jz0FxMOsVJ8Lv3gpgW9WLcb9cTW+121UEr1hvmfR7w3SegR5ItvYyzVz1vxNJgQ=="],

    "vitefu": ["vitefu@1.0.5", "", { "peerDependencies": { "vite": "^3.0.0 || ^4.0.0 || ^5.0.0 || ^6.0.0" }, "optionalPeers": ["vite"] }, "sha512-h4Vflt9gxODPFNGPwp4zAMZRpZR7eslzwH2c5hn5kNZ5rhnKyRJ50U+yGCdc2IRaBs8O4haIgLNGrV5CrpMsCA=="],

    "zimmerframe": ["zimmerframe@1.1.2", "", {}, "sha512-rAbqEGa8ovJy4pyBxZM70hg4pE6gDgaQ0Sl9M3enG3I0d6H4XSAM3GeNGLKnsBpuijUow064sf7ww1nutC5/3w=="],

    "zod": ["zod@3.24.1", "", {}, "sha512-muH7gBL9sI1nciMZV67X5fTKKBLtwpZ5VBp1vsOQzj1MhrBZ4wlVCm3gedKZWLp0Oyel8sIGfeiz54Su+OVT+A=="],
  }
}
